// !$*UTF8*$!
{
	archiveVersion = 1;
	classes = {
	};
	objectVersion = 56;
	objects = {

/* Begin PBXBuildFile section */
		6CC233FA2AF72F7E002938D3 /* SpellingBeeApp.swift in Sources */ = {isa = PBXBuildFile; fileRef = 6CC233F92AF72F7E002938D3 /* SpellingBeeApp.swift */; };
		6CC233FC2AF72F7E002938D3 /* ContentView.swift in Sources */ = {isa = PBXBuildFile; fileRef = 6CC233FB2AF72F7E002938D3 /* ContentView.swift */; };
		6CC233FE2AF72F7F002938D3 /* Assets.xcassets in Resources */ = {isa = PBXBuildFile; fileRef = 6CC233FD2AF72F7F002938D3 /* Assets.xcassets */; };
		6CC234022AF72F7F002938D3 /* Preview Assets.xcassets in Resources */ = {isa = PBXBuildFile; fileRef = 6CC234012AF72F7F002938D3 /* Preview Assets.xcassets */; };
		6CC2340C2AF72F7F002938D3 /* SpellingBeeTests.swift in Sources */ = {isa = PBXBuildFile; fileRef = 6CC2340B2AF72F7F002938D3 /* SpellingBeeTests.swift */; };
		6CC234162AF72F7F002938D3 /* SpellingBeeUITests.swift in Sources */ = {isa = PBXBuildFile; fileRef = 6CC234152AF72F7F002938D3 /* SpellingBeeUITests.swift */; };
		6CC234182AF72F7F002938D3 /* SpellingBeeUITestsLaunchTests.swift in Sources */ = {isa = PBXBuildFile; fileRef = 6CC234172AF72F7F002938D3 /* SpellingBeeUITestsLaunchTests.swift */; };
		6CC234252AF72FE5002938D3 /* Board.swift in Sources */ = {isa = PBXBuildFile; fileRef = 6CC234242AF72FE5002938D3 /* Board.swift */; };
		6CC234272AF73008002938D3 /* Hexagon.swift in Sources */ = {isa = PBXBuildFile; fileRef = 6CC234262AF73008002938D3 /* Hexagon.swift */; };
/* End PBXBuildFile section */

/* Begin PBXContainerItemProxy section */
		6CC234082AF72F7F002938D3 /* PBXContainerItemProxy */ = {
			isa = PBXContainerItemProxy;
			containerPortal = 6CC233EE2AF72F7E002938D3 /* Project object */;
			proxyType = 1;
			remoteGlobalIDString = 6CC233F52AF72F7E002938D3;
			remoteInfo = SpellingBee;
		};
		6CC234122AF72F7F002938D3 /* PBXContainerItemProxy */ = {
			isa = PBXContainerItemProxy;
			containerPortal = 6CC233EE2AF72F7E002938D3 /* Project object */;
			proxyType = 1;
			remoteGlobalIDString = 6CC233F52AF72F7E002938D3;
			remoteInfo = SpellingBee;
		};
/* End PBXContainerItemProxy section */

/* Begin PBXFileReference section */
		6CC233F62AF72F7E002938D3 /* SpellingBee.app */ = {isa = PBXFileReference; explicitFileType = wrapper.application; includeInIndex = 0; path = SpellingBee.app; sourceTree = BUILT_PRODUCTS_DIR; };
		6CC233F92AF72F7E002938D3 /* SpellingBeeApp.swift */ = {isa = PBXFileReference; lastKnownFileType = sourcecode.swift; path = SpellingBeeApp.swift; sourceTree = "<group>"; };
		6CC233FB2AF72F7E002938D3 /* ContentView.swift */ = {isa = PBXFileReference; lastKnownFileType = sourcecode.swift; path = ContentView.swift; sourceTree = "<group>"; };
		6CC233FD2AF72F7F002938D3 /* Assets.xcassets */ = {isa = PBXFileReference; lastKnownFileType = folder.assetcatalog; path = Assets.xcassets; sourceTree = "<group>"; };
		6CC233FF2AF72F7F002938D3 /* SpellingBee.entitlements */ = {isa = PBXFileReference; lastKnownFileType = text.plist.entitlements; path = SpellingBee.entitlements; sourceTree = "<group>"; };
		6CC234012AF72F7F002938D3 /* Preview Assets.xcassets */ = {isa = PBXFileReference; lastKnownFileType = folder.assetcatalog; path = "Preview Assets.xcassets"; sourceTree = "<group>"; };
		6CC234072AF72F7F002938D3 /* SpellingBeeTests.xctest */ = {isa = PBXFileReference; explicitFileType = wrapper.cfbundle; includeInIndex = 0; path = SpellingBeeTests.xctest; sourceTree = BUILT_PRODUCTS_DIR; };
		6CC2340B2AF72F7F002938D3 /* SpellingBeeTests.swift */ = {isa = PBXFileReference; lastKnownFileType = sourcecode.swift; path = SpellingBeeTests.swift; sourceTree = "<group>"; };
		6CC234112AF72F7F002938D3 /* SpellingBeeUITests.xctest */ = {isa = PBXFileReference; explicitFileType = wrapper.cfbundle; includeInIndex = 0; path = SpellingBeeUITests.xctest; sourceTree = BUILT_PRODUCTS_DIR; };
		6CC234152AF72F7F002938D3 /* SpellingBeeUITests.swift */ = {isa = PBXFileReference; lastKnownFileType = sourcecode.swift; path = SpellingBeeUITests.swift; sourceTree = "<group>"; };
		6CC234172AF72F7F002938D3 /* SpellingBeeUITestsLaunchTests.swift */ = {isa = PBXFileReference; lastKnownFileType = sourcecode.swift; path = SpellingBeeUITestsLaunchTests.swift; sourceTree = "<group>"; };
		6CC234242AF72FE5002938D3 /* Board.swift */ = {isa = PBXFileReference; lastKnownFileType = sourcecode.swift; path = Board.swift; sourceTree = "<group>"; };
		6CC234262AF73008002938D3 /* Hexagon.swift */ = {isa = PBXFileReference; lastKnownFileType = sourcecode.swift; path = Hexagon.swift; sourceTree = "<group>"; };
/* End PBXFileReference section */

/* Begin PBXFrameworksBuildPhase section */
		6CC233F32AF72F7E002938D3 /* Frameworks */ = {
			isa = PBXFrameworksBuildPhase;
			buildActionMask = 2147483647;
			files = (
			);
			runOnlyForDeploymentPostprocessing = 0;
		};
		6CC234042AF72F7F002938D3 /* Frameworks */ = {
			isa = PBXFrameworksBuildPhase;
			buildActionMask = 2147483647;
			files = (
			);
			runOnlyForDeploymentPostprocessing = 0;
		};
		6CC2340E2AF72F7F002938D3 /* Frameworks */ = {
			isa = PBXFrameworksBuildPhase;
			buildActionMask = 2147483647;
			files = (
			);
			runOnlyForDeploymentPostprocessing = 0;
		};
/* End PBXFrameworksBuildPhase section */

/* Begin PBXGroup section */
		6CC233ED2AF72F7E002938D3 = {
			isa = PBXGroup;
			children = (
				6CC233F82AF72F7E002938D3 /* SpellingBee */,
				6CC2340A2AF72F7F002938D3 /* SpellingBeeTests */,
				6CC234142AF72F7F002938D3 /* SpellingBeeUITests */,
				6CC233F72AF72F7E002938D3 /* Products */,
			);
			sourceTree = "<group>";
		};
		6CC233F72AF72F7E002938D3 /* Products */ = {
			isa = PBXGroup;
			children = (
				6CC233F62AF72F7E002938D3 /* SpellingBee.app */,
				6CC234072AF72F7F002938D3 /* SpellingBeeTests.xctest */,
				6CC234112AF72F7F002938D3 /* SpellingBeeUITests.xctest */,
			);
			name = Products;
			sourceTree = "<group>";
		};
		6CC233F82AF72F7E002938D3 /* SpellingBee */ = {
			isa = PBXGroup;
			children = (
				6CC234262AF73008002938D3 /* Hexagon.swift */,
				6CC234242AF72FE5002938D3 /* Board.swift */,
				6CC233F92AF72F7E002938D3 /* SpellingBeeApp.swift */,
				6CC233FB2AF72F7E002938D3 /* ContentView.swift */,
				6CC233FD2AF72F7F002938D3 /* Assets.xcassets */,
				6CC233FF2AF72F7F002938D3 /* SpellingBee.entitlements */,
				6CC234002AF72F7F002938D3 /* Preview Content */,
			);
			path = SpellingBee;
			sourceTree = "<group>";
		};
		6CC234002AF72F7F002938D3 /* Preview Content */ = {
			isa = PBXGroup;
			children = (
				6CC234012AF72F7F002938D3 /* Preview Assets.xcassets */,
			);
			path = "Preview Content";
			sourceTree = "<group>";
		};
		6CC2340A2AF72F7F002938D3 /* SpellingBeeTests */ = {
			isa = PBXGroup;
			children = (
				6CC2340B2AF72F7F002938D3 /* SpellingBeeTests.swift */,
			);
			path = SpellingBeeTests;
			sourceTree = "<group>";
		};
		6CC234142AF72F7F002938D3 /* SpellingBeeUITests */ = {
			isa = PBXGroup;
			children = (
				6CC234152AF72F7F002938D3 /* SpellingBeeUITests.swift */,
				6CC234172AF72F7F002938D3 /* SpellingBeeUITestsLaunchTests.swift */,
			);
			path = SpellingBeeUITests;
			sourceTree = "<group>";
		};
/* End PBXGroup section */

/* Begin PBXNativeTarget section */
		6CC233F52AF72F7E002938D3 /* SpellingBee */ = {
			isa = PBXNativeTarget;
			buildConfigurationList = 6CC2341B2AF72F7F002938D3 /* Build configuration list for PBXNativeTarget "SpellingBee" */;
			buildPhases = (
				6CC233F22AF72F7E002938D3 /* Sources */,
				6CC233F32AF72F7E002938D3 /* Frameworks */,
				6CC233F42AF72F7E002938D3 /* Resources */,
			);
			buildRules = (
			);
			dependencies = (
			);
			name = SpellingBee;
			productName = SpellingBee;
			productReference = 6CC233F62AF72F7E002938D3 /* SpellingBee.app */;
			productType = "com.apple.product-type.application";
		};
		6CC234062AF72F7F002938D3 /* SpellingBeeTests */ = {
			isa = PBXNativeTarget;
			buildConfigurationList = 6CC2341E2AF72F7F002938D3 /* Build configuration list for PBXNativeTarget "SpellingBeeTests" */;
			buildPhases = (
				6CC234032AF72F7F002938D3 /* Sources */,
				6CC234042AF72F7F002938D3 /* Frameworks */,
				6CC234052AF72F7F002938D3 /* Resources */,
			);
			buildRules = (
			);
			dependencies = (
				6CC234092AF72F7F002938D3 /* PBXTargetDependency */,
			);
			name = SpellingBeeTests;
			productName = SpellingBeeTests;
			productReference = 6CC234072AF72F7F002938D3 /* SpellingBeeTests.xctest */;
			productType = "com.apple.product-type.bundle.unit-test";
		};
		6CC234102AF72F7F002938D3 /* SpellingBeeUITests */ = {
			isa = PBXNativeTarget;
			buildConfigurationList = 6CC234212AF72F7F002938D3 /* Build configuration list for PBXNativeTarget "SpellingBeeUITests" */;
			buildPhases = (
				6CC2340D2AF72F7F002938D3 /* Sources */,
				6CC2340E2AF72F7F002938D3 /* Frameworks */,
				6CC2340F2AF72F7F002938D3 /* Resources */,
			);
			buildRules = (
			);
			dependencies = (
				6CC234132AF72F7F002938D3 /* PBXTargetDependency */,
			);
			name = SpellingBeeUITests;
			productName = SpellingBeeUITests;
			productReference = 6CC234112AF72F7F002938D3 /* SpellingBeeUITests.xctest */;
			productType = "com.apple.product-type.bundle.ui-testing";
		};
/* End PBXNativeTarget section */

/* Begin PBXProject section */
		6CC233EE2AF72F7E002938D3 /* Project object */ = {
			isa = PBXProject;
			attributes = {
				BuildIndependentTargetsInParallel = 1;
				LastSwiftUpdateCheck = 1430;
				LastUpgradeCheck = 1430;
				TargetAttributes = {
					6CC233F52AF72F7E002938D3 = {
						CreatedOnToolsVersion = 14.3.1;
					};
					6CC234062AF72F7F002938D3 = {
						CreatedOnToolsVersion = 14.3.1;
						TestTargetID = 6CC233F52AF72F7E002938D3;
					};
					6CC234102AF72F7F002938D3 = {
						CreatedOnToolsVersion = 14.3.1;
						TestTargetID = 6CC233F52AF72F7E002938D3;
					};
				};
			};
			buildConfigurationList = 6CC233F12AF72F7E002938D3 /* Build configuration list for PBXProject "SpellingBee" */;
			compatibilityVersion = "Xcode 14.0";
			developmentRegion = en;
			hasScannedForEncodings = 0;
			knownRegions = (
				en,
				Base,
			);
			mainGroup = 6CC233ED2AF72F7E002938D3;
			productRefGroup = 6CC233F72AF72F7E002938D3 /* Products */;
			projectDirPath = "";
			projectRoot = "";
			targets = (
				6CC233F52AF72F7E002938D3 /* SpellingBee */,
				6CC234062AF72F7F002938D3 /* SpellingBeeTests */,
				6CC234102AF72F7F002938D3 /* SpellingBeeUITests */,
			);
		};
/* End PBXProject section */

/* Begin PBXResourcesBuildPhase section */
		6CC233F42AF72F7E002938D3 /* Resources */ = {
			isa = PBXResourcesBuildPhase;
			buildActionMask = 2147483647;
			files = (
				6CC234022AF72F7F002938D3 /* Preview Assets.xcassets in Resources */,
				6CC233FE2AF72F7F002938D3 /* Assets.xcassets in Resources */,
			);
			runOnlyForDeploymentPostprocessing = 0;
		};
		6CC234052AF72F7F002938D3 /* Resources */ = {
			isa = PBXResourcesBuildPhase;
			buildActionMask = 2147483647;
			files = (
			);
			runOnlyForDeploymentPostprocessing = 0;
		};
		6CC2340F2AF72F7F002938D3 /* Resources */ = {
			isa = PBXResourcesBuildPhase;
			buildActionMask = 2147483647;
			files = (
			);
			runOnlyForDeploymentPostprocessing = 0;
		};
/* End PBXResourcesBuildPhase section */

/* Begin PBXSourcesBuildPhase section */
		6CC233F22AF72F7E002938D3 /* Sources */ = {
			isa = PBXSourcesBuildPhase;
			buildActionMask = 2147483647;
			files = (
				6CC233FC2AF72F7E002938D3 /* ContentView.swift in Sources */,
				6CC233FA2AF72F7E002938D3 /* SpellingBeeApp.swift in Sources */,
				6CC234272AF73008002938D3 /* Hexagon.swift in Sources */,
				6CC234252AF72FE5002938D3 /* Board.swift in Sources */,
			);
			runOnlyForDeploymentPostprocessing = 0;
		};
		6CC234032AF72F7F002938D3 /* Sources */ = {
			isa = PBXSourcesBuildPhase;
			buildActionMask = 2147483647;
			files = (
				6CC2340C2AF72F7F002938D3 /* SpellingBeeTests.swift in Sources */,
			);
			runOnlyForDeploymentPostprocessing = 0;
		};
		6CC2340D2AF72F7F002938D3 /* Sources */ = {
			isa = PBXSourcesBuildPhase;
			buildActionMask = 2147483647;
			files = (
				6CC234162AF72F7F002938D3 /* SpellingBeeUITests.swift in Sources */,
				6CC234182AF72F7F002938D3 /* SpellingBeeUITestsLaunchTests.swift in Sources */,
			);
			runOnlyForDeploymentPostprocessing = 0;
		};
/* End PBXSourcesBuildPhase section */

/* Begin PBXTargetDependency section */
		6CC234092AF72F7F002938D3 /* PBXTargetDependency */ = {
			isa = PBXTargetDependency;
			target = 6CC233F52AF72F7E002938D3 /* SpellingBee */;
			targetProxy = 6CC234082AF72F7F002938D3 /* PBXContainerItemProxy */;
		};
		6CC234132AF72F7F002938D3 /* PBXTargetDependency */ = {
			isa = PBXTargetDependency;
			target = 6CC233F52AF72F7E002938D3 /* SpellingBee */;
			targetProxy = 6CC234122AF72F7F002938D3 /* PBXContainerItemProxy */;
		};
/* End PBXTargetDependency section */

/* Begin XCBuildConfiguration section */
		6CC234192AF72F7F002938D3 /* Debug */ = {
			isa = XCBuildConfiguration;
			buildSettings = {
				ALWAYS_SEARCH_USER_PATHS = NO;
				CLANG_ANALYZER_NONNULL = YES;
				CLANG_ANALYZER_NUMBER_OBJECT_CONVERSION = YES_AGGRESSIVE;
				CLANG_CXX_LANGUAGE_STANDARD = "gnu++20";
				CLANG_ENABLE_MODULES = YES;
				CLANG_ENABLE_OBJC_ARC = YES;
				CLANG_ENABLE_OBJC_WEAK = YES;
				CLANG_WARN_BLOCK_CAPTURE_AUTORELEASING = YES;
				CLANG_WARN_BOOL_CONVERSION = YES;
				CLANG_WARN_COMMA = YES;
				CLANG_WARN_CONSTANT_CONVERSION = YES;
				CLANG_WARN_DEPRECATED_OBJC_IMPLEMENTATIONS = YES;
				CLANG_WARN_DIRECT_OBJC_ISA_USAGE = YES_ERROR;
				CLANG_WARN_DOCUMENTATION_COMMENTS = YES;
				CLANG_WARN_EMPTY_BODY = YES;
				CLANG_WARN_ENUM_CONVERSION = YES;
				CLANG_WARN_INFINITE_RECURSION = YES;
				CLANG_WARN_INT_CONVERSION = YES;
				CLANG_WARN_NON_LITERAL_NULL_CONVERSION = YES;
				CLANG_WARN_OBJC_IMPLICIT_RETAIN_SELF = YES;
				CLANG_WARN_OBJC_LITERAL_CONVERSION = YES;
				CLANG_WARN_OBJC_ROOT_CLASS = YES_ERROR;
				CLANG_WARN_QUOTED_INCLUDE_IN_FRAMEWORK_HEADER = YES;
				CLANG_WARN_RANGE_LOOP_ANALYSIS = YES;
				CLANG_WARN_STRICT_PROTOTYPES = YES;
				CLANG_WARN_SUSPICIOUS_MOVE = YES;
				CLANG_WARN_UNGUARDED_AVAILABILITY = YES_AGGRESSIVE;
				CLANG_WARN_UNREACHABLE_CODE = YES;
				CLANG_WARN__DUPLICATE_METHOD_MATCH = YES;
				COPY_PHASE_STRIP = NO;
				DEBUG_INFORMATION_FORMAT = dwarf;
				ENABLE_STRICT_OBJC_MSGSEND = YES;
				ENABLE_TESTABILITY = YES;
				GCC_C_LANGUAGE_STANDARD = gnu11;
				GCC_DYNAMIC_NO_PIC = NO;
				GCC_NO_COMMON_BLOCKS = YES;
				GCC_OPTIMIZATION_LEVEL = 0;
				GCC_PREPROCESSOR_DEFINITIONS = (
					"DEBUG=1",
					"$(inherited)",
				);
				GCC_WARN_64_TO_32_BIT_CONVERSION = YES;
				GCC_WARN_ABOUT_RETURN_TYPE = YES_ERROR;
				GCC_WARN_UNDECLARED_SELECTOR = YES;
				GCC_WARN_UNINITIALIZED_AUTOS = YES_AGGRESSIVE;
				GCC_WARN_UNUSED_FUNCTION = YES;
				GCC_WARN_UNUSED_VARIABLE = YES;
				MTL_ENABLE_DEBUG_INFO = INCLUDE_SOURCE;
				MTL_FAST_MATH = YES;
				ONLY_ACTIVE_ARCH = YES;
				SWIFT_ACTIVE_COMPILATION_CONDITIONS = DEBUG;
				SWIFT_OPTIMIZATION_LEVEL = "-Onone";
			};
			name = Debug;
		};
		6CC2341A2AF72F7F002938D3 /* Release */ = {
			isa = XCBuildConfiguration;
			buildSettings = {
				ALWAYS_SEARCH_USER_PATHS = NO;
				CLANG_ANALYZER_NONNULL = YES;
				CLANG_ANALYZER_NUMBER_OBJECT_CONVERSION = YES_AGGRESSIVE;
				CLANG_CXX_LANGUAGE_STANDARD = "gnu++20";
				CLANG_ENABLE_MODULES = YES;
				CLANG_ENABLE_OBJC_ARC = YES;
				CLANG_ENABLE_OBJC_WEAK = YES;
				CLANG_WARN_BLOCK_CAPTURE_AUTORELEASING = YES;
				CLANG_WARN_BOOL_CONVERSION = YES;
				CLANG_WARN_COMMA = YES;
				CLANG_WARN_CONSTANT_CONVERSION = YES;
				CLANG_WARN_DEPRECATED_OBJC_IMPLEMENTATIONS = YES;
				CLANG_WARN_DIRECT_OBJC_ISA_USAGE = YES_ERROR;
				CLANG_WARN_DOCUMENTATION_COMMENTS = YES;
				CLANG_WARN_EMPTY_BODY = YES;
				CLANG_WARN_ENUM_CONVERSION = YES;
				CLANG_WARN_INFINITE_RECURSION = YES;
				CLANG_WARN_INT_CONVERSION = YES;
				CLANG_WARN_NON_LITERAL_NULL_CONVERSION = YES;
				CLANG_WARN_OBJC_IMPLICIT_RETAIN_SELF = YES;
				CLANG_WARN_OBJC_LITERAL_CONVERSION = YES;
				CLANG_WARN_OBJC_ROOT_CLASS = YES_ERROR;
				CLANG_WARN_QUOTED_INCLUDE_IN_FRAMEWORK_HEADER = YES;
				CLANG_WARN_RANGE_LOOP_ANALYSIS = YES;
				CLANG_WARN_STRICT_PROTOTYPES = YES;
				CLANG_WARN_SUSPICIOUS_MOVE = YES;
				CLANG_WARN_UNGUARDED_AVAILABILITY = YES_AGGRESSIVE;
				CLANG_WARN_UNREACHABLE_CODE = YES;
				CLANG_WARN__DUPLICATE_METHOD_MATCH = YES;
				COPY_PHASE_STRIP = NO;
				DEBUG_INFORMATION_FORMAT = "dwarf-with-dsym";
				ENABLE_NS_ASSERTIONS = NO;
				ENABLE_STRICT_OBJC_MSGSEND = YES;
				GCC_C_LANGUAGE_STANDARD = gnu11;
				GCC_NO_COMMON_BLOCKS = YES;
				GCC_WARN_64_TO_32_BIT_CONVERSION = YES;
				GCC_WARN_ABOUT_RETURN_TYPE = YES_ERROR;
				GCC_WARN_UNDECLARED_SELECTOR = YES;
				GCC_WARN_UNINITIALIZED_AUTOS = YES_AGGRESSIVE;
				GCC_WARN_UNUSED_FUNCTION = YES;
				GCC_WARN_UNUSED_VARIABLE = YES;
				MTL_ENABLE_DEBUG_INFO = NO;
				MTL_FAST_MATH = YES;
				SWIFT_COMPILATION_MODE = wholemodule;
				SWIFT_OPTIMIZATION_LEVEL = "-O";
			};
			name = Release;
		};
		6CC2341C2AF72F7F002938D3 /* Debug */ = {
			isa = XCBuildConfiguration;
			buildSettings = {
				ASSETCATALOG_COMPILER_APPICON_NAME = AppIcon;
				ASSETCATALOG_COMPILER_GLOBAL_ACCENT_COLOR_NAME = AccentColor;
				CODE_SIGN_ENTITLEMENTS = SpellingBee/SpellingBee.entitlements;
				CODE_SIGN_STYLE = Automatic;
				CURRENT_PROJECT_VERSION = 1;
				DEVELOPMENT_ASSET_PATHS = "\"SpellingBee/Preview Content\"";
				DEVELOPMENT_TEAM = 7RX7X2R3KE;
				ENABLE_HARDENED_RUNTIME = YES;
				ENABLE_PREVIEWS = YES;
				GENERATE_INFOPLIST_FILE = YES;
				"INFOPLIST_KEY_UIApplicationSceneManifest_Generation[sdk=iphoneos*]" = YES;
				"INFOPLIST_KEY_UIApplicationSceneManifest_Generation[sdk=iphonesimulator*]" = YES;
				"INFOPLIST_KEY_UIApplicationSupportsIndirectInputEvents[sdk=iphoneos*]" = YES;
				"INFOPLIST_KEY_UIApplicationSupportsIndirectInputEvents[sdk=iphonesimulator*]" = YES;
				"INFOPLIST_KEY_UILaunchScreen_Generation[sdk=iphoneos*]" = YES;
				"INFOPLIST_KEY_UILaunchScreen_Generation[sdk=iphonesimulator*]" = YES;
				"INFOPLIST_KEY_UIStatusBarStyle[sdk=iphoneos*]" = UIStatusBarStyleDefault;
				"INFOPLIST_KEY_UIStatusBarStyle[sdk=iphonesimulator*]" = UIStatusBarStyleDefault;
				INFOPLIST_KEY_UISupportedInterfaceOrientations_iPad = "UIInterfaceOrientationPortrait UIInterfaceOrientationPortraitUpsideDown UIInterfaceOrientationLandscapeLeft UIInterfaceOrientationLandscapeRight";
				INFOPLIST_KEY_UISupportedInterfaceOrientations_iPhone = "UIInterfaceOrientationPortrait UIInterfaceOrientationLandscapeLeft UIInterfaceOrientationLandscapeRight";
				IPHONEOS_DEPLOYMENT_TARGET = 16.4;
				LD_RUNPATH_SEARCH_PATHS = "@executable_path/Frameworks";
				"LD_RUNPATH_SEARCH_PATHS[sdk=macosx*]" = "@executable_path/../Frameworks";
				MACOSX_DEPLOYMENT_TARGET = 13.3;
				MARKETING_VERSION = 1.0;
				PRODUCT_BUNDLE_IDENTIFIER = com.danielowenscs.SpellingBee;
				PRODUCT_NAME = "$(TARGET_NAME)";
				SDKROOT = auto;
				SUPPORTED_PLATFORMS = "iphoneos iphonesimulator macosx";
				SWIFT_EMIT_LOC_STRINGS = YES;
				SWIFT_VERSION = 5.0;
				TARGETED_DEVICE_FAMILY = "1,2";
			};
			name = Debug;
		};
		6CC2341D2AF72F7F002938D3 /* Release */ = {
			isa = XCBuildConfiguration;
			buildSettings = {
				ASSETCATALOG_COMPILER_APPICON_NAME = AppIcon;
				ASSETCATALOG_COMPILER_GLOBAL_ACCENT_COLOR_NAME = AccentColor;
				CODE_SIGN_ENTITLEMENTS = SpellingBee/SpellingBee.entitlements;
				CODE_SIGN_STYLE = Automatic;
				CURRENT_PROJECT_VERSION = 1;
				DEVELOPMENT_ASSET_PATHS = "\"SpellingBee/Preview Content\"";
				DEVELOPMENT_TEAM = 7RX7X2R3KE;
				ENABLE_HARDENED_RUNTIME = YES;
				ENABLE_PREVIEWS = YES;
				GENERATE_INFOPLIST_FILE = YES;
				"INFOPLIST_KEY_UIApplicationSceneManifest_Generation[sdk=iphoneos*]" = YES;
				"INFOPLIST_KEY_UIApplicationSceneManifest_Generation[sdk=iphonesimulator*]" = YES;
				"INFOPLIST_KEY_UIApplicationSupportsIndirectInputEvents[sdk=iphoneos*]" = YES;
				"INFOPLIST_KEY_UIApplicationSupportsIndirectInputEvents[sdk=iphonesimulator*]" = YES;
				"INFOPLIST_KEY_UILaunchScreen_Generation[sdk=iphoneos*]" = YES;
				"INFOPLIST_KEY_UILaunchScreen_Generation[sdk=iphonesimulator*]" = YES;
				"INFOPLIST_KEY_UIStatusBarStyle[sdk=iphoneos*]" = UIStatusBarStyleDefault;
				"INFOPLIST_KEY_UIStatusBarStyle[sdk=iphonesimulator*]" = UIStatusBarStyleDefault;
				INFOPLIST_KEY_UISupportedInterfaceOrientations_iPad = "UIInterfaceOrientationPortrait UIInterfaceOrientationPortraitUpsideDown UIInterfaceOrientationLandscapeLeft UIInterfaceOrientationLandscapeRight";
				INFOPLIST_KEY_UISupportedInterfaceOrientations_iPhone = "UIInterfaceOrientationPortrait UIInterfaceOrientationLandscapeLeft UIInterfaceOrientationLandscapeRight";
				IPHONEOS_DEPLOYMENT_TARGET = 16.4;
				LD_RUNPATH_SEARCH_PATHS = "@executable_path/Frameworks";
				"LD_RUNPATH_SEARCH_PATHS[sdk=macosx*]" = "@executable_path/../Frameworks";
				MACOSX_DEPLOYMENT_TARGET = 13.3;
				MARKETING_VERSION = 1.0;
				PRODUCT_BUNDLE_IDENTIFIER = com.danielowenscs.SpellingBee;
				PRODUCT_NAME = "$(TARGET_NAME)";
				SDKROOT = auto;
				SUPPORTED_PLATFORMS = "iphoneos iphonesimulator macosx";
				SWIFT_EMIT_LOC_STRINGS = YES;
				SWIFT_VERSION = 5.0;
				TARGETED_DEVICE_FAMILY = "1,2";
			};
			name = Release;
		};
		6CC2341F2AF72F7F002938D3 /* Debug */ = {
			isa = XCBuildConfiguration;
			buildSettings = {
				ALWAYS_EMBED_SWIFT_STANDARD_LIBRARIES = YES;
				BUNDLE_LOADER = "$(TEST_HOST)";
				CODE_SIGN_STYLE = Automatic;
				CURRENT_PROJECT_VERSION = 1;
				DEVELOPMENT_TEAM = 7RX7X2R3KE;
				GENERATE_INFOPLIST_FILE = YES;
				IPHONEOS_DEPLOYMENT_TARGET = 16.4;
				MACOSX_DEPLOYMENT_TARGET = 13.3;
				MARKETING_VERSION = 1.0;
				PRODUCT_BUNDLE_IDENTIFIER = com.danielowenscs.SpellingBeeTests;
				PRODUCT_NAME = "$(TARGET_NAME)";
				SDKROOT = auto;
				SUPPORTED_PLATFORMS = "iphoneos iphonesimulator macosx";
				SWIFT_EMIT_LOC_STRINGS = NO;
				SWIFT_VERSION = 5.0;
				TARGETED_DEVICE_FAMILY = "1,2";
				TEST_HOST = "$(BUILT_PRODUCTS_DIR)/SpellingBee.app/$(BUNDLE_EXECUTABLE_FOLDER_PATH)/SpellingBee";
			};
			name = Debug;
		};
		6CC234202AF72F7F002938D3 /* Release */ = {
			isa = XCBuildConfiguration;
			buildSettings = {
				ALWAYS_EMBED_SWIFT_STANDARD_LIBRARIES = YES;
				BUNDLE_LOADER = "$(TEST_HOST)";
				CODE_SIGN_STYLE = Automatic;
				CURRENT_PROJECT_VERSION = 1;
				DEVELOPMENT_TEAM = 7RX7X2R3KE;
				GENERATE_INFOPLIST_FILE = YES;
				IPHONEOS_DEPLOYMENT_TARGET = 16.4;
				MACOSX_DEPLOYMENT_TARGET = 13.3;
				MARKETING_VERSION = 1.0;
				PRODUCT_BUNDLE_IDENTIFIER = com.danielowenscs.SpellingBeeTests;
				PRODUCT_NAME = "$(TARGET_NAME)";
				SDKROOT = auto;
				SUPPORTED_PLATFORMS = "iphoneos iphonesimulator macosx";
				SWIFT_EMIT_LOC_STRINGS = NO;
				SWIFT_VERSION = 5.0;
				TARGETED_DEVICE_FAMILY = "1,2";
				TEST_HOST = "$(BUILT_PRODUCTS_DIR)/SpellingBee.app/$(BUNDLE_EXECUTABLE_FOLDER_PATH)/SpellingBee";
			};
			name = Release;
		};
		6CC234222AF72F7F002938D3 /* Debug */ = {
			isa = XCBuildConfiguration;
			buildSettings = {
				ALWAYS_EMBED_SWIFT_STANDARD_LIBRARIES = YES;
				CODE_SIGN_STYLE = Automatic;
				CURRENT_PROJECT_VERSION = 1;
				DEVELOPMENT_TEAM = 7RX7X2R3KE;
				GENERATE_INFOPLIST_FILE = YES;
				IPHONEOS_DEPLOYMENT_TARGET = 16.4;
				MACOSX_DEPLOYMENT_TARGET = 13.3;
				MARKETING_VERSION = 1.0;
				PRODUCT_BUNDLE_IDENTIFIER = com.danielowenscs.SpellingBeeUITests;
				PRODUCT_NAME = "$(TARGET_NAME)";
				SDKROOT = auto;
				SUPPORTED_PLATFORMS = "iphoneos iphonesimulator macosx";
				SWIFT_EMIT_LOC_STRINGS = NO;
				SWIFT_VERSION = 5.0;
				TARGETED_DEVICE_FAMILY = "1,2";
				TEST_TARGET_NAME = SpellingBee;
			};
			name = Debug;
		};
		6CC234232AF72F7F002938D3 /* Release */ = {
			isa = XCBuildConfiguration;
			buildSettings = {
				ALWAYS_EMBED_SWIFT_STANDARD_LIBRARIES = YES;
				CODE_SIGN_STYLE = Automatic;
				CURRENT_PROJECT_VERSION = 1;
				DEVELOPMENT_TEAM = 7RX7X2R3KE;
				GENERATE_INFOPLIST_FILE = YES;
				IPHONEOS_DEPLOYMENT_TARGET = 16.4;
				MACOSX_DEPLOYMENT_TARGET = 13.3;
				MARKETING_VERSION = 1.0;
				PRODUCT_BUNDLE_IDENTIFIER = com.danielowenscs.SpellingBeeUITests;
				PRODUCT_NAME = "$(TARGET_NAME)";
				SDKROOT = auto;
				SUPPORTED_PLATFORMS = "iphoneos iphonesimulator macosx";
				SWIFT_EMIT_LOC_STRINGS = NO;
				SWIFT_VERSION = 5.0;
				TARGETED_DEVICE_FAMILY = "1,2";
				TEST_TARGET_NAME = SpellingBee;
			};
			name = Release;
		};
/* End XCBuildConfiguration section */

/* Begin XCConfigurationList section */
		6CC233F12AF72F7E002938D3 /* Build configuration list for PBXProject "SpellingBee" */ = {
			isa = XCConfigurationList;
			buildConfigurations = (
				6CC234192AF72F7F002938D3 /* Debug */,
				6CC2341A2AF72F7F002938D3 /* Release */,
			);
			defaultConfigurationIsVisible = 0;
			defaultConfigurationName = Release;
		};
		6CC2341B2AF72F7F002938D3 /* Build configuration list for PBXNativeTarget "SpellingBee" */ = {
			isa = XCConfigurationList;
			buildConfigurations = (
				6CC2341C2AF72F7F002938D3 /* Debug */,
				6CC2341D2AF72F7F002938D3 /* Release */,
			);
			defaultConfigurationIsVisible = 0;
			defaultConfigurationName = Release;
		};
		6CC2341E2AF72F7F002938D3 /* Build configuration list for PBXNativeTarget "SpellingBeeTests" */ = {
			isa = XCConfigurationList;
			buildConfigurations = (
				6CC2341F2AF72F7F002938D3 /* Debug */,
				6CC234202AF72F7F002938D3 /* Release */,
			);
			defaultConfigurationIsVisible = 0;
			defaultConfigurationName = Release;
		};
		6CC234212AF72F7F002938D3 /* Build configuration list for PBXNativeTarget "SpellingBeeUITests" */ = {
			isa = XCConfigurationList;
			buildConfigurations = (
				6CC234222AF72F7F002938D3 /* Debug */,
				6CC234232AF72F7F002938D3 /* Release */,
			);
			defaultConfigurationIsVisible = 0;
			defaultConfigurationName = Release;
		};
/* End XCConfigurationList section */
	};
	rootObject = 6CC233EE2AF72F7E002938D3 /* Project object */;
}
